// !$*UTF8*$!
{
	archiveVersion = 1;
	classes = {
	};
	objectVersion = 50;
	objects = {

/* Begin PBXBuildFile section */
		FA0F8FE52552AE4800B46355 /* Ingredient.swift in Sources */ = {isa = PBXBuildFile; fileRef = FA0F8FE42552AE4800B46355 /* Ingredient.swift */; };
		FA0F8FE82552CA2C00B46355 /* MeasurementTable.swift in Sources */ = {isa = PBXBuildFile; fileRef = FA0F8FE72552CA2C00B46355 /* MeasurementTable.swift */; };
		FA0F8FEB2553063200B46355 /* RoundedTextField.swift in Sources */ = {isa = PBXBuildFile; fileRef = FA0F8FEA2553063200B46355 /* RoundedTextField.swift */; };
		FA0F8FEE25530A1F00B46355 /* RecipeConstructorTableViewController.swift in Sources */ = {isa = PBXBuildFile; fileRef = FA0F8FED25530A1F00B46355 /* RecipeConstructorTableViewController.swift */; };
		FA1677C8254BDE95003EBDD6 /* BleDeviceViewController.swift in Sources */ = {isa = PBXBuildFile; fileRef = FA1677C7254BDE95003EBDD6 /* BleDeviceViewController.swift */; };
		FA167807254EBEAC003EBDD6 /* NORServiceIdentifiers.swift in Sources */ = {isa = PBXBuildFile; fileRef = FA167806254EBEAC003EBDD6 /* NORServiceIdentifiers.swift */; };
		FA2A5565253CD1B6004945E8 /* DeviceCollectionViewCell.swift in Sources */ = {isa = PBXBuildFile; fileRef = FA2A5564253CD1B6004945E8 /* DeviceCollectionViewCell.swift */; };
		FA3B097325089B520047FDAB /* RecipeDetailViewController.swift in Sources */ = {isa = PBXBuildFile; fileRef = FA3B097225089B520047FDAB /* RecipeDetailViewController.swift */; };
		FA51CE642533668000532B82 /* DeviceTableViewCell.swift in Sources */ = {isa = PBXBuildFile; fileRef = FA51CE632533668000532B82 /* DeviceTableViewCell.swift */; };
		FA526EA725337D25008FE633 /* Device.swift in Sources */ = {isa = PBXBuildFile; fileRef = FA526EA625337D25008FE633 /* Device.swift */; };
		FA5CBEDB252300FA0035E9D1 /* UIColor+Ext.swift in Sources */ = {isa = PBXBuildFile; fileRef = FA5CBEDA252300FA0035E9D1 /* UIColor+Ext.swift */; };
		FA5CF8DC25290BC4009CFE2F /* MapKit.framework in Frameworks */ = {isa = PBXBuildFile; fileRef = FA5CF8DB25290BC4009CFE2F /* MapKit.framework */; };
		FA5CF8DE2529147A009CFE2F /* RecipeDetailSeparatorCell.swift in Sources */ = {isa = PBXBuildFile; fileRef = FA5CF8DD2529147A009CFE2F /* RecipeDetailSeparatorCell.swift */; };
		FA5CF8E0252915CA009CFE2F /* RecipeDetailMapCell.swift in Sources */ = {isa = PBXBuildFile; fileRef = FA5CF8DF252915CA009CFE2F /* RecipeDetailMapCell.swift */; };
		FA5CF8E22529DB23009CFE2F /* MapViewController.swift in Sources */ = {isa = PBXBuildFile; fileRef = FA5CF8E12529DB23009CFE2F /* MapViewController.swift */; };
		FA617E0B24232CB100198145 /* AppDelegate.swift in Sources */ = {isa = PBXBuildFile; fileRef = FA617E0A24232CB100198145 /* AppDelegate.swift */; };
		FA617E0D24232CB100198145 /* SceneDelegate.swift in Sources */ = {isa = PBXBuildFile; fileRef = FA617E0C24232CB100198145 /* SceneDelegate.swift */; };
		FA617E1224232CB100198145 /* Main.storyboard in Resources */ = {isa = PBXBuildFile; fileRef = FA617E1024232CB100198145 /* Main.storyboard */; };
		FA617E1424232CB300198145 /* Assets.xcassets in Resources */ = {isa = PBXBuildFile; fileRef = FA617E1324232CB300198145 /* Assets.xcassets */; };
		FA617E1724232CB300198145 /* LaunchScreen.storyboard in Resources */ = {isa = PBXBuildFile; fileRef = FA617E1524232CB300198145 /* LaunchScreen.storyboard */; };
		FA617E1F24232DDB00198145 /* RecipesTableViewController.swift in Sources */ = {isa = PBXBuildFile; fileRef = FA617E1E24232DDB00198145 /* RecipesTableViewController.swift */; };
		FA617E212423386E00198145 /* RecipeTableViewCell.swift in Sources */ = {isa = PBXBuildFile; fileRef = FA617E202423386E00198145 /* RecipeTableViewCell.swift */; };
		FA95FE892528CC8700E693AF /* UINavigationController+Ext.swift in Sources */ = {isa = PBXBuildFile; fileRef = FA95FE882528CC8700E693AF /* UINavigationController+Ext.swift */; };
		FAA7C34D2528C3900029A432 /* Rubik-VariableFont_wght.ttf in Resources */ = {isa = PBXBuildFile; fileRef = FAA7C33A2528C3900029A432 /* Rubik-VariableFont_wght.ttf */; };
		FAA7C34E2528C3900029A432 /* Rubik-Italic-VariableFont_wght.ttf in Resources */ = {isa = PBXBuildFile; fileRef = FAA7C33B2528C3900029A432 /* Rubik-Italic-VariableFont_wght.ttf */; };
		FAA7C34F2528C3900029A432 /* Rubik-MediumItalic.ttf in Resources */ = {isa = PBXBuildFile; fileRef = FAA7C33D2528C3900029A432 /* Rubik-MediumItalic.ttf */; };
		FAA7C3502528C3900029A432 /* Rubik-Bold.ttf in Resources */ = {isa = PBXBuildFile; fileRef = FAA7C33E2528C3900029A432 /* Rubik-Bold.ttf */; };
		FAA7C3512528C3900029A432 /* Rubik-SemiBoldItalic.ttf in Resources */ = {isa = PBXBuildFile; fileRef = FAA7C33F2528C3900029A432 /* Rubik-SemiBoldItalic.ttf */; };
		FAA7C3522528C3900029A432 /* Rubik-Light.ttf in Resources */ = {isa = PBXBuildFile; fileRef = FAA7C3402528C3900029A432 /* Rubik-Light.ttf */; };
		FAA7C3532528C3900029A432 /* Rubik-Medium.ttf in Resources */ = {isa = PBXBuildFile; fileRef = FAA7C3412528C3900029A432 /* Rubik-Medium.ttf */; };
		FAA7C3542528C3900029A432 /* Rubik-ExtraBoldItalic.ttf in Resources */ = {isa = PBXBuildFile; fileRef = FAA7C3422528C3900029A432 /* Rubik-ExtraBoldItalic.ttf */; };
		FAA7C3552528C3900029A432 /* Rubik-Black.ttf in Resources */ = {isa = PBXBuildFile; fileRef = FAA7C3432528C3900029A432 /* Rubik-Black.ttf */; };
		FAA7C3562528C3900029A432 /* Rubik-Italic.ttf in Resources */ = {isa = PBXBuildFile; fileRef = FAA7C3442528C3900029A432 /* Rubik-Italic.ttf */; };
		FAA7C3572528C3900029A432 /* Rubik-LightItalic.ttf in Resources */ = {isa = PBXBuildFile; fileRef = FAA7C3452528C3900029A432 /* Rubik-LightItalic.ttf */; };
		FAA7C3582528C3900029A432 /* Rubik-SemiBold.ttf in Resources */ = {isa = PBXBuildFile; fileRef = FAA7C3462528C3900029A432 /* Rubik-SemiBold.ttf */; };
		FAA7C3592528C3900029A432 /* Rubik-BlackItalic.ttf in Resources */ = {isa = PBXBuildFile; fileRef = FAA7C3472528C3900029A432 /* Rubik-BlackItalic.ttf */; };
		FAA7C35A2528C3900029A432 /* Rubik-ExtraBold.ttf in Resources */ = {isa = PBXBuildFile; fileRef = FAA7C3482528C3900029A432 /* Rubik-ExtraBold.ttf */; };
		FAA7C35B2528C3900029A432 /* Rubik-Regular.ttf in Resources */ = {isa = PBXBuildFile; fileRef = FAA7C3492528C3900029A432 /* Rubik-Regular.ttf */; };
		FAA7C35C2528C3900029A432 /* Rubik-BoldItalic.ttf in Resources */ = {isa = PBXBuildFile; fileRef = FAA7C34A2528C3900029A432 /* Rubik-BoldItalic.ttf */; };
		FAA7C35D2528C3900029A432 /* OFL.txt in Resources */ = {isa = PBXBuildFile; fileRef = FAA7C34B2528C3900029A432 /* OFL.txt */; };
		FAA7C35E2528C3900029A432 /* README.txt in Resources */ = {isa = PBXBuildFile; fileRef = FAA7C34C2528C3900029A432 /* README.txt */; };
		FABAF2872517A64600F35579 /* Recipes.swift in Sources */ = {isa = PBXBuildFile; fileRef = FABAF2862517A64600F35579 /* Recipes.swift */; };
		FABAF291251C5A9F00F35579 /* RecipeDetailHeaderView.swift in Sources */ = {isa = PBXBuildFile; fileRef = FABAF290251C5A9F00F35579 /* RecipeDetailHeaderView.swift */; };
		FABAF293251C66D800F35579 /* RecipeDetailDescriptionCell.swift in Sources */ = {isa = PBXBuildFile; fileRef = FABAF292251C66D800F35579 /* RecipeDetailDescriptionCell.swift */; };
		FABAF295251C687800F35579 /* RecipeIngredientsCell.swift in Sources */ = {isa = PBXBuildFile; fileRef = FABAF294251C687800F35579 /* RecipeIngredientsCell.swift */; };
		FAC8F762253F6BE90097221E /* RateViewController.swift in Sources */ = {isa = PBXBuildFile; fileRef = FAC8F761253F6BE90097221E /* RateViewController.swift */; };
/* End PBXBuildFile section */

/* Begin PBXFileReference section */
		FA0F8FE42552AE4800B46355 /* Ingredient.swift */ = {isa = PBXFileReference; lastKnownFileType = sourcecode.swift; path = Ingredient.swift; sourceTree = "<group>"; };
		FA0F8FE72552CA2C00B46355 /* MeasurementTable.swift */ = {isa = PBXFileReference; lastKnownFileType = sourcecode.swift; path = MeasurementTable.swift; sourceTree = "<group>"; };
		FA0F8FEA2553063200B46355 /* RoundedTextField.swift */ = {isa = PBXFileReference; lastKnownFileType = sourcecode.swift; path = RoundedTextField.swift; sourceTree = "<group>"; };
		FA0F8FED25530A1F00B46355 /* RecipeConstructorTableViewController.swift */ = {isa = PBXFileReference; lastKnownFileType = sourcecode.swift; path = RecipeConstructorTableViewController.swift; sourceTree = "<group>"; };
		FA1677C7254BDE95003EBDD6 /* BleDeviceViewController.swift */ = {isa = PBXFileReference; lastKnownFileType = sourcecode.swift; path = BleDeviceViewController.swift; sourceTree = "<group>"; };
		FA167806254EBEAC003EBDD6 /* NORServiceIdentifiers.swift */ = {isa = PBXFileReference; lastKnownFileType = sourcecode.swift; path = NORServiceIdentifiers.swift; sourceTree = "<group>"; };
		FA2A5564253CD1B6004945E8 /* DeviceCollectionViewCell.swift */ = {isa = PBXFileReference; fileEncoding = 4; lastKnownFileType = sourcecode.swift; path = DeviceCollectionViewCell.swift; sourceTree = "<group>"; };
		FA3B097225089B520047FDAB /* RecipeDetailViewController.swift */ = {isa = PBXFileReference; lastKnownFileType = sourcecode.swift; path = RecipeDetailViewController.swift; sourceTree = "<group>"; };
		FA51CE632533668000532B82 /* DeviceTableViewCell.swift */ = {isa = PBXFileReference; lastKnownFileType = sourcecode.swift; path = DeviceTableViewCell.swift; sourceTree = "<group>"; };
		FA526EA625337D25008FE633 /* Device.swift */ = {isa = PBXFileReference; lastKnownFileType = sourcecode.swift; path = Device.swift; sourceTree = "<group>"; };
		FA5CBEDA252300FA0035E9D1 /* UIColor+Ext.swift */ = {isa = PBXFileReference; lastKnownFileType = sourcecode.swift; path = "UIColor+Ext.swift"; sourceTree = "<group>"; };
		FA5CF8DB25290BC4009CFE2F /* MapKit.framework */ = {isa = PBXFileReference; lastKnownFileType = wrapper.framework; name = MapKit.framework; path = System/Library/Frameworks/MapKit.framework; sourceTree = SDKROOT; };
		FA5CF8DD2529147A009CFE2F /* RecipeDetailSeparatorCell.swift */ = {isa = PBXFileReference; lastKnownFileType = sourcecode.swift; path = RecipeDetailSeparatorCell.swift; sourceTree = "<group>"; };
		FA5CF8DF252915CA009CFE2F /* RecipeDetailMapCell.swift */ = {isa = PBXFileReference; lastKnownFileType = sourcecode.swift; path = RecipeDetailMapCell.swift; sourceTree = "<group>"; };
		FA5CF8E12529DB23009CFE2F /* MapViewController.swift */ = {isa = PBXFileReference; lastKnownFileType = sourcecode.swift; path = MapViewController.swift; sourceTree = "<group>"; };
		FA617E0724232CB100198145 /* FoodPin.app */ = {isa = PBXFileReference; explicitFileType = wrapper.application; includeInIndex = 0; path = FoodPin.app; sourceTree = BUILT_PRODUCTS_DIR; };
		FA617E0A24232CB100198145 /* AppDelegate.swift */ = {isa = PBXFileReference; lastKnownFileType = sourcecode.swift; path = AppDelegate.swift; sourceTree = "<group>"; };
		FA617E0C24232CB100198145 /* SceneDelegate.swift */ = {isa = PBXFileReference; lastKnownFileType = sourcecode.swift; path = SceneDelegate.swift; sourceTree = "<group>"; };
		FA617E1124232CB100198145 /* Base */ = {isa = PBXFileReference; lastKnownFileType = file.storyboard; name = Base; path = Base.lproj/Main.storyboard; sourceTree = "<group>"; };
		FA617E1324232CB300198145 /* Assets.xcassets */ = {isa = PBXFileReference; lastKnownFileType = folder.assetcatalog; path = Assets.xcassets; sourceTree = "<group>"; };
		FA617E1624232CB300198145 /* Base */ = {isa = PBXFileReference; lastKnownFileType = file.storyboard; name = Base; path = Base.lproj/LaunchScreen.storyboard; sourceTree = "<group>"; };
		FA617E1824232CB300198145 /* Info.plist */ = {isa = PBXFileReference; lastKnownFileType = text.plist.xml; path = Info.plist; sourceTree = "<group>"; };
		FA617E1E24232DDB00198145 /* RecipesTableViewController.swift */ = {isa = PBXFileReference; lastKnownFileType = sourcecode.swift; path = RecipesTableViewController.swift; sourceTree = "<group>"; };
		FA617E202423386E00198145 /* RecipeTableViewCell.swift */ = {isa = PBXFileReference; lastKnownFileType = sourcecode.swift; path = RecipeTableViewCell.swift; sourceTree = "<group>"; };
		FA95FE882528CC8700E693AF /* UINavigationController+Ext.swift */ = {isa = PBXFileReference; lastKnownFileType = sourcecode.swift; path = "UINavigationController+Ext.swift"; sourceTree = "<group>"; };
		FAA7C33A2528C3900029A432 /* Rubik-VariableFont_wght.ttf */ = {isa = PBXFileReference; lastKnownFileType = file; path = "Rubik-VariableFont_wght.ttf"; sourceTree = "<group>"; };
		FAA7C33B2528C3900029A432 /* Rubik-Italic-VariableFont_wght.ttf */ = {isa = PBXFileReference; lastKnownFileType = file; path = "Rubik-Italic-VariableFont_wght.ttf"; sourceTree = "<group>"; };
		FAA7C33D2528C3900029A432 /* Rubik-MediumItalic.ttf */ = {isa = PBXFileReference; lastKnownFileType = file; path = "Rubik-MediumItalic.ttf"; sourceTree = "<group>"; };
		FAA7C33E2528C3900029A432 /* Rubik-Bold.ttf */ = {isa = PBXFileReference; lastKnownFileType = file; path = "Rubik-Bold.ttf"; sourceTree = "<group>"; };
		FAA7C33F2528C3900029A432 /* Rubik-SemiBoldItalic.ttf */ = {isa = PBXFileReference; lastKnownFileType = file; path = "Rubik-SemiBoldItalic.ttf"; sourceTree = "<group>"; };
		FAA7C3402528C3900029A432 /* Rubik-Light.ttf */ = {isa = PBXFileReference; lastKnownFileType = file; path = "Rubik-Light.ttf"; sourceTree = "<group>"; };
		FAA7C3412528C3900029A432 /* Rubik-Medium.ttf */ = {isa = PBXFileReference; lastKnownFileType = file; path = "Rubik-Medium.ttf"; sourceTree = "<group>"; };
		FAA7C3422528C3900029A432 /* Rubik-ExtraBoldItalic.ttf */ = {isa = PBXFileReference; lastKnownFileType = file; path = "Rubik-ExtraBoldItalic.ttf"; sourceTree = "<group>"; };
		FAA7C3432528C3900029A432 /* Rubik-Black.ttf */ = {isa = PBXFileReference; lastKnownFileType = file; path = "Rubik-Black.ttf"; sourceTree = "<group>"; };
		FAA7C3442528C3900029A432 /* Rubik-Italic.ttf */ = {isa = PBXFileReference; lastKnownFileType = file; path = "Rubik-Italic.ttf"; sourceTree = "<group>"; };
		FAA7C3452528C3900029A432 /* Rubik-LightItalic.ttf */ = {isa = PBXFileReference; lastKnownFileType = file; path = "Rubik-LightItalic.ttf"; sourceTree = "<group>"; };
		FAA7C3462528C3900029A432 /* Rubik-SemiBold.ttf */ = {isa = PBXFileReference; lastKnownFileType = file; path = "Rubik-SemiBold.ttf"; sourceTree = "<group>"; };
		FAA7C3472528C3900029A432 /* Rubik-BlackItalic.ttf */ = {isa = PBXFileReference; lastKnownFileType = file; path = "Rubik-BlackItalic.ttf"; sourceTree = "<group>"; };
		FAA7C3482528C3900029A432 /* Rubik-ExtraBold.ttf */ = {isa = PBXFileReference; lastKnownFileType = file; path = "Rubik-ExtraBold.ttf"; sourceTree = "<group>"; };
		FAA7C3492528C3900029A432 /* Rubik-Regular.ttf */ = {isa = PBXFileReference; lastKnownFileType = file; path = "Rubik-Regular.ttf"; sourceTree = "<group>"; };
		FAA7C34A2528C3900029A432 /* Rubik-BoldItalic.ttf */ = {isa = PBXFileReference; lastKnownFileType = file; path = "Rubik-BoldItalic.ttf"; sourceTree = "<group>"; };
		FAA7C34B2528C3900029A432 /* OFL.txt */ = {isa = PBXFileReference; fileEncoding = 4; lastKnownFileType = text; path = OFL.txt; sourceTree = "<group>"; };
		FAA7C34C2528C3900029A432 /* README.txt */ = {isa = PBXFileReference; fileEncoding = 4; lastKnownFileType = text; path = README.txt; sourceTree = "<group>"; };
		FABAF2862517A64600F35579 /* Recipes.swift */ = {isa = PBXFileReference; lastKnownFileType = sourcecode.swift; path = Recipes.swift; sourceTree = "<group>"; };
		FABAF290251C5A9F00F35579 /* RecipeDetailHeaderView.swift */ = {isa = PBXFileReference; lastKnownFileType = sourcecode.swift; path = RecipeDetailHeaderView.swift; sourceTree = "<group>"; };
		FABAF292251C66D800F35579 /* RecipeDetailDescriptionCell.swift */ = {isa = PBXFileReference; lastKnownFileType = sourcecode.swift; path = RecipeDetailDescriptionCell.swift; sourceTree = "<group>"; };
		FABAF294251C687800F35579 /* RecipeIngredientsCell.swift */ = {isa = PBXFileReference; lastKnownFileType = sourcecode.swift; path = RecipeIngredientsCell.swift; sourceTree = "<group>"; };
		FAC8F761253F6BE90097221E /* RateViewController.swift */ = {isa = PBXFileReference; lastKnownFileType = sourcecode.swift; path = RateViewController.swift; sourceTree = "<group>"; };
/* End PBXFileReference section */

/* Begin PBXFrameworksBuildPhase section */
		FA617E0424232CB100198145 /* Frameworks */ = {
			isa = PBXFrameworksBuildPhase;
			buildActionMask = 2147483647;
			files = (
				FA5CF8DC25290BC4009CFE2F /* MapKit.framework in Frameworks */,
			);
			runOnlyForDeploymentPostprocessing = 0;
		};
/* End PBXFrameworksBuildPhase section */

/* Begin PBXGroup section */
		FA5CBED9252300B80035E9D1 /* Extensions */ = {
			isa = PBXGroup;
			children = (
				FA5CBEDA252300FA0035E9D1 /* UIColor+Ext.swift */,
				FA95FE882528CC8700E693AF /* UINavigationController+Ext.swift */,
			);
			path = Extensions;
			sourceTree = "<group>";
		};
		FA5CF8DA25290BC4009CFE2F /* Frameworks */ = {
			isa = PBXGroup;
			children = (
				FA5CF8DB25290BC4009CFE2F /* MapKit.framework */,
			);
			name = Frameworks;
			sourceTree = "<group>";
		};
		FA617DFE24232CB100198145 = {
			isa = PBXGroup;
			children = (
				FA617E0924232CB100198145 /* FoodPin */,
				FA617E0824232CB100198145 /* Products */,
				FA5CF8DA25290BC4009CFE2F /* Frameworks */,
			);
			sourceTree = "<group>";
		};
		FA617E0824232CB100198145 /* Products */ = {
			isa = PBXGroup;
			children = (
				FA617E0724232CB100198145 /* FoodPin.app */,
			);
			name = Products;
			sourceTree = "<group>";
		};
		FA617E0924232CB100198145 /* FoodPin */ = {
			isa = PBXGroup;
			children = (
				FA5CBED9252300B80035E9D1 /* Extensions */,
				FABAF28B2517C81200F35579 /* Storyboard */,
				FABAF28A2517C79D00F35579 /* Model */,
				FABAF2892517C78B00F35579 /* View */,
				FABAF2882517C76300F35579 /* Controller */,
				FA617E1824232CB300198145 /* Info.plist */,
				FA617E1324232CB300198145 /* Assets.xcassets */,
				FA617E0A24232CB100198145 /* AppDelegate.swift */,
				FA617E0C24232CB100198145 /* SceneDelegate.swift */,
				FABAF28C2517DF3800F35579 /* Resources */,
			);
			path = FoodPin;
			sourceTree = "<group>";
		};
		FAA7C3392528C3900029A432 /* Rubik */ = {
			isa = PBXGroup;
			children = (
				FAA7C33A2528C3900029A432 /* Rubik-VariableFont_wght.ttf */,
				FAA7C33B2528C3900029A432 /* Rubik-Italic-VariableFont_wght.ttf */,
				FAA7C33C2528C3900029A432 /* static */,
				FAA7C34B2528C3900029A432 /* OFL.txt */,
				FAA7C34C2528C3900029A432 /* README.txt */,
			);
			name = Rubik;
			path = ../../../../../../../Downloads/Rubik;
			sourceTree = "<group>";
		};
		FAA7C33C2528C3900029A432 /* static */ = {
			isa = PBXGroup;
			children = (
				FAA7C33D2528C3900029A432 /* Rubik-MediumItalic.ttf */,
				FAA7C33E2528C3900029A432 /* Rubik-Bold.ttf */,
				FAA7C33F2528C3900029A432 /* Rubik-SemiBoldItalic.ttf */,
				FAA7C3402528C3900029A432 /* Rubik-Light.ttf */,
				FAA7C3412528C3900029A432 /* Rubik-Medium.ttf */,
				FAA7C3422528C3900029A432 /* Rubik-ExtraBoldItalic.ttf */,
				FAA7C3432528C3900029A432 /* Rubik-Black.ttf */,
				FAA7C3442528C3900029A432 /* Rubik-Italic.ttf */,
				FAA7C3452528C3900029A432 /* Rubik-LightItalic.ttf */,
				FAA7C3462528C3900029A432 /* Rubik-SemiBold.ttf */,
				FAA7C3472528C3900029A432 /* Rubik-BlackItalic.ttf */,
				FAA7C3482528C3900029A432 /* Rubik-ExtraBold.ttf */,
				FAA7C3492528C3900029A432 /* Rubik-Regular.ttf */,
				FAA7C34A2528C3900029A432 /* Rubik-BoldItalic.ttf */,
			);
			path = static;
			sourceTree = "<group>";
		};
		FABAF2882517C76300F35579 /* Controller */ = {
			isa = PBXGroup;
			children = (
				FA617E1E24232DDB00198145 /* RecipesTableViewController.swift */,
				FA3B097225089B520047FDAB /* RecipeDetailViewController.swift */,
				FA5CF8E12529DB23009CFE2F /* MapViewController.swift */,
				FAC8F761253F6BE90097221E /* RateViewController.swift */,
				FA1677C7254BDE95003EBDD6 /* BleDeviceViewController.swift */,
				FA167806254EBEAC003EBDD6 /* NORServiceIdentifiers.swift */,
				FA0F8FED25530A1F00B46355 /* RecipeConstructorTableViewController.swift */,
			);
			path = Controller;
			sourceTree = "<group>";
		};
		FABAF2892517C78B00F35579 /* View */ = {
			isa = PBXGroup;
			children = (
				FA2A5564253CD1B6004945E8 /* DeviceCollectionViewCell.swift */,
				FA51CE632533668000532B82 /* DeviceTableViewCell.swift */,
				FA617E202423386E00198145 /* RecipeTableViewCell.swift */,
				FABAF290251C5A9F00F35579 /* RecipeDetailHeaderView.swift */,
				FABAF292251C66D800F35579 /* RecipeDetailDescriptionCell.swift */,
				FABAF294251C687800F35579 /* RecipeIngredientsCell.swift */,
				FA5CF8DD2529147A009CFE2F /* RecipeDetailSeparatorCell.swift */,
				FA5CF8DF252915CA009CFE2F /* RecipeDetailMapCell.swift */,
				FA0F8FEA2553063200B46355 /* RoundedTextField.swift */,
			);
			path = View;
			sourceTree = "<group>";
		};
		FABAF28A2517C79D00F35579 /* Model */ = {
			isa = PBXGroup;
			children = (
				FABAF2862517A64600F35579 /* Recipes.swift */,
				FA526EA625337D25008FE633 /* Device.swift */,
				FA0F8FE42552AE4800B46355 /* Ingredient.swift */,
				FA0F8FE72552CA2C00B46355 /* MeasurementTable.swift */,
			);
			path = Model;
			sourceTree = "<group>";
		};
		FABAF28B2517C81200F35579 /* Storyboard */ = {
			isa = PBXGroup;
			children = (
				FA617E1024232CB100198145 /* Main.storyboard */,
				FA617E1524232CB300198145 /* LaunchScreen.storyboard */,
			);
			path = Storyboard;
			sourceTree = "<group>";
		};
		FABAF28C2517DF3800F35579 /* Resources */ = {
			isa = PBXGroup;
			children = (
				FABAF28D2517DF4C00F35579 /* Fonts */,
			);
			path = Resources;
			sourceTree = "<group>";
		};
		FABAF28D2517DF4C00F35579 /* Fonts */ = {
			isa = PBXGroup;
			children = (
				FAA7C3392528C3900029A432 /* Rubik */,
			);
			path = Fonts;
			sourceTree = "<group>";
		};
/* End PBXGroup section */

/* Begin PBXNativeTarget section */
		FA617E0624232CB100198145 /* FoodPin */ = {
			isa = PBXNativeTarget;
			buildConfigurationList = FA617E1B24232CB300198145 /* Build configuration list for PBXNativeTarget "FoodPin" */;
			buildPhases = (
				FA617E0324232CB100198145 /* Sources */,
				FA617E0424232CB100198145 /* Frameworks */,
				FA617E0524232CB100198145 /* Resources */,
			);
			buildRules = (
			);
			dependencies = (
			);
			name = FoodPin;
			productName = FoodPin;
			productReference = FA617E0724232CB100198145 /* FoodPin.app */;
			productType = "com.apple.product-type.application";
		};
/* End PBXNativeTarget section */

/* Begin PBXProject section */
		FA617DFF24232CB100198145 /* Project object */ = {
			isa = PBXProject;
			attributes = {
				LastSwiftUpdateCheck = 1130;
				LastUpgradeCheck = 1130;
				ORGANIZATIONNAME = Alex;
				TargetAttributes = {
					FA617E0624232CB100198145 = {
						CreatedOnToolsVersion = 11.3.1;
					};
				};
			};
			buildConfigurationList = FA617E0224232CB100198145 /* Build configuration list for PBXProject "Recipes" */;
			compatibilityVersion = "Xcode 9.3";
			developmentRegion = en;
			hasScannedForEncodings = 0;
			knownRegions = (
				en,
				Base,
			);
			mainGroup = FA617DFE24232CB100198145;
			productRefGroup = FA617E0824232CB100198145 /* Products */;
			projectDirPath = "";
			projectRoot = "";
			targets = (
				FA617E0624232CB100198145 /* FoodPin */,
			);
		};
/* End PBXProject section */

/* Begin PBXResourcesBuildPhase section */
		FA617E0524232CB100198145 /* Resources */ = {
			isa = PBXResourcesBuildPhase;
			buildActionMask = 2147483647;
			files = (
				FAA7C35D2528C3900029A432 /* OFL.txt in Resources */,
				FAA7C3512528C3900029A432 /* Rubik-SemiBoldItalic.ttf in Resources */,
				FAA7C35E2528C3900029A432 /* README.txt in Resources */,
				FAA7C3552528C3900029A432 /* Rubik-Black.ttf in Resources */,
				FA617E1724232CB300198145 /* LaunchScreen.storyboard in Resources */,
				FA617E1424232CB300198145 /* Assets.xcassets in Resources */,
				FAA7C3562528C3900029A432 /* Rubik-Italic.ttf in Resources */,
				FAA7C35C2528C3900029A432 /* Rubik-BoldItalic.ttf in Resources */,
				FAA7C3572528C3900029A432 /* Rubik-LightItalic.ttf in Resources */,
				FAA7C3582528C3900029A432 /* Rubik-SemiBold.ttf in Resources */,
				FAA7C34E2528C3900029A432 /* Rubik-Italic-VariableFont_wght.ttf in Resources */,
				FAA7C34F2528C3900029A432 /* Rubik-MediumItalic.ttf in Resources */,
				FAA7C35A2528C3900029A432 /* Rubik-ExtraBold.ttf in Resources */,
				FAA7C3542528C3900029A432 /* Rubik-ExtraBoldItalic.ttf in Resources */,
				FAA7C3592528C3900029A432 /* Rubik-BlackItalic.ttf in Resources */,
				FAA7C3502528C3900029A432 /* Rubik-Bold.ttf in Resources */,
				FAA7C3522528C3900029A432 /* Rubik-Light.ttf in Resources */,
				FAA7C35B2528C3900029A432 /* Rubik-Regular.ttf in Resources */,
				FA617E1224232CB100198145 /* Main.storyboard in Resources */,
				FAA7C3532528C3900029A432 /* Rubik-Medium.ttf in Resources */,
				FAA7C34D2528C3900029A432 /* Rubik-VariableFont_wght.ttf in Resources */,
			);
			runOnlyForDeploymentPostprocessing = 0;
		};
/* End PBXResourcesBuildPhase section */

/* Begin PBXSourcesBuildPhase section */
		FA617E0324232CB100198145 /* Sources */ = {
			isa = PBXSourcesBuildPhase;
			buildActionMask = 2147483647;
			files = (
				FAC8F762253F6BE90097221E /* RateViewController.swift in Sources */,
				FA0F8FE82552CA2C00B46355 /* MeasurementTable.swift in Sources */,
				FA95FE892528CC8700E693AF /* UINavigationController+Ext.swift in Sources */,
				FA0F8FE52552AE4800B46355 /* Ingredient.swift in Sources */,
				FA617E0B24232CB100198145 /* AppDelegate.swift in Sources */,
				FABAF2872517A64600F35579 /* Recipes.swift in Sources */,
				FA167807254EBEAC003EBDD6 /* NORServiceIdentifiers.swift in Sources */,
				FABAF291251C5A9F00F35579 /* RecipeDetailHeaderView.swift in Sources */,
				FA617E1F24232DDB00198145 /* RecipesTableViewController.swift in Sources */,
				FA2A5565253CD1B6004945E8 /* DeviceCollectionViewCell.swift in Sources */,
				FA0F8FEE25530A1F00B46355 /* RecipeConstructorTableViewController.swift in Sources */,
				FA0F8FEB2553063200B46355 /* RoundedTextField.swift in Sources */,
				FA617E0D24232CB100198145 /* SceneDelegate.swift in Sources */,
				FA5CF8DE2529147A009CFE2F /* RecipeDetailSeparatorCell.swift in Sources */,
				FA526EA725337D25008FE633 /* Device.swift in Sources */,
				FA3B097325089B520047FDAB /* RecipeDetailViewController.swift in Sources */,
				FA1677C8254BDE95003EBDD6 /* BleDeviceViewController.swift in Sources */,
				FA617E212423386E00198145 /* RecipeTableViewCell.swift in Sources */,
				FA5CBEDB252300FA0035E9D1 /* UIColor+Ext.swift in Sources */,
				FA51CE642533668000532B82 /* DeviceTableViewCell.swift in Sources */,
				FA5CF8E0252915CA009CFE2F /* RecipeDetailMapCell.swift in Sources */,
				FABAF295251C687800F35579 /* RecipeIngredientsCell.swift in Sources */,
				FABAF293251C66D800F35579 /* RecipeDetailDescriptionCell.swift in Sources */,
				FA5CF8E22529DB23009CFE2F /* MapViewController.swift in Sources */,
			);
			runOnlyForDeploymentPostprocessing = 0;
		};
/* End PBXSourcesBuildPhase section */

/* Begin PBXVariantGroup section */
		FA617E1024232CB100198145 /* Main.storyboard */ = {
			isa = PBXVariantGroup;
			children = (
				FA617E1124232CB100198145 /* Base */,
			);
			name = Main.storyboard;
			sourceTree = "<group>";
		};
		FA617E1524232CB300198145 /* LaunchScreen.storyboard */ = {
			isa = PBXVariantGroup;
			children = (
				FA617E1624232CB300198145 /* Base */,
			);
			name = LaunchScreen.storyboard;
			sourceTree = "<group>";
		};
/* End PBXVariantGroup section */

/* Begin XCBuildConfiguration section */
		FA617E1924232CB300198145 /* Debug */ = {
			isa = XCBuildConfiguration;
			buildSettings = {
				ALWAYS_SEARCH_USER_PATHS = NO;
				CLANG_ANALYZER_NONNULL = YES;
				CLANG_ANALYZER_NUMBER_OBJECT_CONVERSION = YES_AGGRESSIVE;
				CLANG_CXX_LANGUAGE_STANDARD = "gnu++14";
				CLANG_CXX_LIBRARY = "libc++";
				CLANG_ENABLE_MODULES = YES;
				CLANG_ENABLE_OBJC_ARC = YES;
				CLANG_ENABLE_OBJC_WEAK = YES;
				CLANG_WARN_BLOCK_CAPTURE_AUTORELEASING = YES;
				CLANG_WARN_BOOL_CONVERSION = YES;
				CLANG_WARN_COMMA = YES;
				CLANG_WARN_CONSTANT_CONVERSION = YES;
				CLANG_WARN_DEPRECATED_OBJC_IMPLEMENTATIONS = YES;
				CLANG_WARN_DIRECT_OBJC_ISA_USAGE = YES_ERROR;
				CLANG_WARN_DOCUMENTATION_COMMENTS = YES;
				CLANG_WARN_EMPTY_BODY = YES;
				CLANG_WARN_ENUM_CONVERSION = YES;
				CLANG_WARN_INFINITE_RECURSION = YES;
				CLANG_WARN_INT_CONVERSION = YES;
				CLANG_WARN_NON_LITERAL_NULL_CONVERSION = YES;
				CLANG_WARN_OBJC_IMPLICIT_RETAIN_SELF = YES;
				CLANG_WARN_OBJC_LITERAL_CONVERSION = YES;
				CLANG_WARN_OBJC_ROOT_CLASS = YES_ERROR;
				CLANG_WARN_RANGE_LOOP_ANALYSIS = YES;
				CLANG_WARN_STRICT_PROTOTYPES = YES;
				CLANG_WARN_SUSPICIOUS_MOVE = YES;
				CLANG_WARN_UNGUARDED_AVAILABILITY = YES_AGGRESSIVE;
				CLANG_WARN_UNREACHABLE_CODE = YES;
				CLANG_WARN__DUPLICATE_METHOD_MATCH = YES;
				COPY_PHASE_STRIP = NO;
				DEBUG_INFORMATION_FORMAT = dwarf;
				ENABLE_STRICT_OBJC_MSGSEND = YES;
				ENABLE_TESTABILITY = YES;
				GCC_C_LANGUAGE_STANDARD = gnu11;
				GCC_DYNAMIC_NO_PIC = NO;
				GCC_NO_COMMON_BLOCKS = YES;
				GCC_OPTIMIZATION_LEVEL = 0;
				GCC_PREPROCESSOR_DEFINITIONS = (
					"DEBUG=1",
					"$(inherited)",
				);
				GCC_WARN_64_TO_32_BIT_CONVERSION = YES;
				GCC_WARN_ABOUT_RETURN_TYPE = YES_ERROR;
				GCC_WARN_UNDECLARED_SELECTOR = YES;
				GCC_WARN_UNINITIALIZED_AUTOS = YES_AGGRESSIVE;
				GCC_WARN_UNUSED_FUNCTION = YES;
				GCC_WARN_UNUSED_VARIABLE = YES;
				IPHONEOS_DEPLOYMENT_TARGET = 14.0;
				MTL_ENABLE_DEBUG_INFO = INCLUDE_SOURCE;
				MTL_FAST_MATH = YES;
				ONLY_ACTIVE_ARCH = YES;
				SDKROOT = iphoneos;
				SWIFT_ACTIVE_COMPILATION_CONDITIONS = DEBUG;
				SWIFT_OPTIMIZATION_LEVEL = "-Onone";
			};
			name = Debug;
		};
		FA617E1A24232CB300198145 /* Release */ = {
			isa = XCBuildConfiguration;
			buildSettings = {
				ALWAYS_SEARCH_USER_PATHS = NO;
				CLANG_ANALYZER_NONNULL = YES;
				CLANG_ANALYZER_NUMBER_OBJECT_CONVERSION = YES_AGGRESSIVE;
				CLANG_CXX_LANGUAGE_STANDARD = "gnu++14";
				CLANG_CXX_LIBRARY = "libc++";
				CLANG_ENABLE_MODULES = YES;
				CLANG_ENABLE_OBJC_ARC = YES;
				CLANG_ENABLE_OBJC_WEAK = YES;
				CLANG_WARN_BLOCK_CAPTURE_AUTORELEASING = YES;
				CLANG_WARN_BOOL_CONVERSION = YES;
				CLANG_WARN_COMMA = YES;
				CLANG_WARN_CONSTANT_CONVERSION = YES;
				CLANG_WARN_DEPRECATED_OBJC_IMPLEMENTATIONS = YES;
				CLANG_WARN_DIRECT_OBJC_ISA_USAGE = YES_ERROR;
				CLANG_WARN_DOCUMENTATION_COMMENTS = YES;
				CLANG_WARN_EMPTY_BODY = YES;
				CLANG_WARN_ENUM_CONVERSION = YES;
				CLANG_WARN_INFINITE_RECURSION = YES;
				CLANG_WARN_INT_CONVERSION = YES;
				CLANG_WARN_NON_LITERAL_NULL_CONVERSION = YES;
				CLANG_WARN_OBJC_IMPLICIT_RETAIN_SELF = YES;
				CLANG_WARN_OBJC_LITERAL_CONVERSION = YES;
				CLANG_WARN_OBJC_ROOT_CLASS = YES_ERROR;
				CLANG_WARN_RANGE_LOOP_ANALYSIS = YES;
				CLANG_WARN_STRICT_PROTOTYPES = YES;
				CLANG_WARN_SUSPICIOUS_MOVE = YES;
				CLANG_WARN_UNGUARDED_AVAILABILITY = YES_AGGRESSIVE;
				CLANG_WARN_UNREACHABLE_CODE = YES;
				CLANG_WARN__DUPLICATE_METHOD_MATCH = YES;
				COPY_PHASE_STRIP = NO;
				DEBUG_INFORMATION_FORMAT = "dwarf-with-dsym";
				ENABLE_NS_ASSERTIONS = NO;
				ENABLE_STRICT_OBJC_MSGSEND = YES;
				GCC_C_LANGUAGE_STANDARD = gnu11;
				GCC_NO_COMMON_BLOCKS = YES;
				GCC_WARN_64_TO_32_BIT_CONVERSION = YES;
				GCC_WARN_ABOUT_RETURN_TYPE = YES_ERROR;
				GCC_WARN_UNDECLARED_SELECTOR = YES;
				GCC_WARN_UNINITIALIZED_AUTOS = YES_AGGRESSIVE;
				GCC_WARN_UNUSED_FUNCTION = YES;
				GCC_WARN_UNUSED_VARIABLE = YES;
				IPHONEOS_DEPLOYMENT_TARGET = 14.0;
				MTL_ENABLE_DEBUG_INFO = NO;
				MTL_FAST_MATH = YES;
				SDKROOT = iphoneos;
				SWIFT_COMPILATION_MODE = wholemodule;
				SWIFT_OPTIMIZATION_LEVEL = "-O";
				VALIDATE_PRODUCT = YES;
			};
			name = Release;
		};
		FA617E1C24232CB300198145 /* Debug */ = {
			isa = XCBuildConfiguration;
			buildSettings = {
				ASSETCATALOG_COMPILER_APPICON_NAME = AppIcon;
				CODE_SIGN_STYLE = Automatic;
				DEVELOPMENT_TEAM = MHXN22FT3W;
				INFOPLIST_FILE = FoodPin/Info.plist;
				LD_RUNPATH_SEARCH_PATHS = (
					"$(inherited)",
					"@executable_path/Frameworks",
				);
				PRODUCT_BUNDLE_IDENTIFIER = "www.multi-chasha.com.FoodPin";
				PRODUCT_NAME = "$(TARGET_NAME)";
				SWIFT_VERSION = 5.0;
				TARGETED_DEVICE_FAMILY = "1,2";
			};
			name = Debug;
		};
		FA617E1D24232CB300198145 /* Release */ = {
			isa = XCBuildConfiguration;
			buildSettings = {
				ASSETCATALOG_COMPILER_APPICON_NAME = AppIcon;
				CODE_SIGN_STYLE = Automatic;
				DEVELOPMENT_TEAM = MHXN22FT3W;
				INFOPLIST_FILE = FoodPin/Info.plist;
				LD_RUNPATH_SEARCH_PATHS = (
					"$(inherited)",
					"@executable_path/Frameworks",
				);
				PRODUCT_BUNDLE_IDENTIFIER = "www.multi-chasha.com.FoodPin";
				PRODUCT_NAME = "$(TARGET_NAME)";
				SWIFT_VERSION = 5.0;
				TARGETED_DEVICE_FAMILY = "1,2";
			};
			name = Release;
		};
/* End XCBuildConfiguration section */

/* Begin XCConfigurationList section */
		FA617E0224232CB100198145 /* Build configuration list for PBXProject "Recipes" */ = {
			isa = XCConfigurationList;
			buildConfigurations = (
				FA617E1924232CB300198145 /* Debug */,
				FA617E1A24232CB300198145 /* Release */,
			);
			defaultConfigurationIsVisible = 0;
			defaultConfigurationName = Release;
		};
		FA617E1B24232CB300198145 /* Build configuration list for PBXNativeTarget "FoodPin" */ = {
			isa = XCConfigurationList;
			buildConfigurations = (
				FA617E1C24232CB300198145 /* Debug */,
				FA617E1D24232CB300198145 /* Release */,
			);
			defaultConfigurationIsVisible = 0;
			defaultConfigurationName = Release;
		};
/* End XCConfigurationList section */
	};
	rootObject = FA617DFF24232CB100198145 /* Project object */;
}
